
Microsoft Visual Studio Solution File, Format Version 12.00
# Visual Studio Version 17
VisualStudioVersion = 17.12.35521.163
MinimumVisualStudioVersion = 10.0.40219.1
Project("{FAE04EC0-301F-11D3-BF4B-00C04F79EFBC}") = "DoctIntelligence.API", "DoctIntelligence.API\DoctIntelligence.API.csproj", "{46F2D1DE-7F48-4930-BFC2-C9CB808D86DA}"
EndProject
Global
	GlobalSection(SolutionConfigurationPlatforms) = preSolution
		Debug|Any CPU = Debug|Any CPU
		Release|Any CPU = Release|Any CPU
	EndGlobalSection
	GlobalSection(ProjectConfigurationPlatforms) = postSolution
		{46F2D1DE-7F48-4930-BFC2-C9CB808D86DA}.Debug|Any CPU.ActiveCfg = Debug|Any CPU
		{46F2D1DE-7F48-4930-BFC2-C9CB808D86DA}.Debug|Any CPU.Build.0 = Debug|Any CPU
		{46F2D1DE-7F48-4930-BFC2-C9CB808D86DA}.Release|Any CPU.ActiveCfg = Release|Any CPU
		{46F2D1DE-7F48-4930-BFC2-C9CB808D86DA}.Release|Any CPU.Build.0 = Release|Any CPU
	EndGlobalSection
	GlobalSection(SolutionProperties) = preSolution
		HideSolutionNode = FALSE
	EndGlobalSection
EndGlobal
